// !$*UTF8*$!
{
	archiveVersion = 1;
	classes = {
	};
	objectVersion = 56;
	objects = {

/* Begin PBXBuildFile section */
		0D1540612D22EF5D00D6D63F /* AnalyticsEvent.swift in Sources */ = {isa = PBXBuildFile; fileRef = 0D1540602D22EF5D00D6D63F /* AnalyticsEvent.swift */; };
		0DF1D1402D22DC51001626E7 /* ServicesAssembler.swift in Sources */ = {isa = PBXBuildFile; fileRef = 0DF1D13F2D22DC4B001626E7 /* ServicesAssembler.swift */; };
		0DF1D1432D22DCD8001626E7 /* PerformOnce.swift in Sources */ = {isa = PBXBuildFile; fileRef = 0DF1D1422D22DCD2001626E7 /* PerformOnce.swift */; };
		0DF1D1452D22DD06001626E7 /* BitcoinRateService.swift in Sources */ = {isa = PBXBuildFile; fileRef = 0DF1D1442D22DCFF001626E7 /* BitcoinRateService.swift */; };
		0DF1D1472D22DD4A001626E7 /* AnalyticsService.swift in Sources */ = {isa = PBXBuildFile; fileRef = 0DF1D1462D22DD44001626E7 /* AnalyticsService.swift */; };
		1CA3B6562D22B0F500176711 /* AppDelegate.swift in Sources */ = {isa = PBXBuildFile; fileRef = 1CA3B6552D22B0F500176711 /* AppDelegate.swift */; };
		1CA3B6582D22B0F500176711 /* SceneDelegate.swift in Sources */ = {isa = PBXBuildFile; fileRef = 1CA3B6572D22B0F500176711 /* SceneDelegate.swift */; };
		1CA3B6702D22B0F600176711 /* AnalyticsServiceTests.swift in Sources */ = {isa = PBXBuildFile; fileRef = 1CA3B66F2D22B0F600176711 /* AnalyticsServiceTests.swift */; };
		820CEBCA2D7B370A00D5C8A3 /* UIStackView+Alignment.swift in Sources */ = {isa = PBXBuildFile; fileRef = 820CEBC82D7B370A00D5C8A3 /* UIStackView+Alignment.swift */; };
		820CEBCE2D7B370A00D5C8A3 /* UIHorizontalStackView.swift in Sources */ = {isa = PBXBuildFile; fileRef = 820CEBCB2D7B370A00D5C8A3 /* UIHorizontalStackView.swift */; };
		820CEBCF2D7B370A00D5C8A3 /* UIVerticalStackView.swift in Sources */ = {isa = PBXBuildFile; fileRef = 820CEBCC2D7B370A00D5C8A3 /* UIVerticalStackView.swift */; };
		820CEBD12D7B374600D5C8A3 /* NiblessView.swift in Sources */ = {isa = PBXBuildFile; fileRef = 820CEBD02D7B374600D5C8A3 /* NiblessView.swift */; };
		820CEBD32D7B377600D5C8A3 /* NiblessViewController.swift in Sources */ = {isa = PBXBuildFile; fileRef = 820CEBD22D7B377600D5C8A3 /* NiblessViewController.swift */; };
		820CEBDB2D7B50D800D5C8A3 /* UITableView+Cell.swift in Sources */ = {isa = PBXBuildFile; fileRef = 820CEBDA2D7B50D800D5C8A3 /* UITableView+Cell.swift */; };
		820CEBE52D7B5F5400D5C8A3 /* TransactionsDiffableTableDataSource.swift in Sources */ = {isa = PBXBuildFile; fileRef = 820CEBE02D7B5F5400D5C8A3 /* TransactionsDiffableTableDataSource.swift */; };
		820CEBE62D7B5F5400D5C8A3 /* TransactionsViewController.swift in Sources */ = {isa = PBXBuildFile; fileRef = 820CEBE12D7B5F5400D5C8A3 /* TransactionsViewController.swift */; };
		820CEBE92D7B5F5400D5C8A3 /* TransactionsPresenter.swift in Sources */ = {isa = PBXBuildFile; fileRef = 820CEBE72D7B5F5400D5C8A3 /* TransactionsPresenter.swift */; };
		820CEBEB2D7B629300D5C8A3 /* WeakRefVirtualProxy.swift in Sources */ = {isa = PBXBuildFile; fileRef = 820CEBEA2D7B629300D5C8A3 /* WeakRefVirtualProxy.swift */; };
		822B33D42D7BA75400C0E17E /* BitcoinRateEndpoint.swift in Sources */ = {isa = PBXBuildFile; fileRef = 822B33D12D7BA75400C0E17E /* BitcoinRateEndpoint.swift */; };
		822B33D52D7BA75400C0E17E /* BitcoinRateMapper.swift in Sources */ = {isa = PBXBuildFile; fileRef = 822B33D22D7BA75400C0E17E /* BitcoinRateMapper.swift */; };
		822B33D82D7BA75B00C0E17E /* BitcoinRate.swift in Sources */ = {isa = PBXBuildFile; fileRef = 822B33D62D7BA75B00C0E17E /* BitcoinRate.swift */; };
		8284BF072D7E3B7400036350 /* BitcoinRateStore.swift in Sources */ = {isa = PBXBuildFile; fileRef = 8284BEF72D7E3B7400036350 /* BitcoinRateStore.swift */; };
		8284BF092D7E3B7400036350 /* LocalBitcoinRateLoader.swift in Sources */ = {isa = PBXBuildFile; fileRef = 8284BEF92D7E3B7400036350 /* LocalBitcoinRateLoader.swift */; };
		8284BF0A2D7E3B7400036350 /* TransactionsStore.swift in Sources */ = {isa = PBXBuildFile; fileRef = 8284BEFB2D7E3B7400036350 /* TransactionsStore.swift */; };
		8284BF0B2D7E3B7400036350 /* CoreDataHelpers.swift in Sources */ = {isa = PBXBuildFile; fileRef = 8284BEFD2D7E3B7400036350 /* CoreDataHelpers.swift */; };
		8284BF0C2D7E3B7400036350 /* CoreDataTransactionsStore.swift in Sources */ = {isa = PBXBuildFile; fileRef = 8284BEFE2D7E3B7400036350 /* CoreDataTransactionsStore.swift */; };
		8284BF0D2D7E3B7400036350 /* CoreDataTransactionsStore+BitcoinRateStore.swift in Sources */ = {isa = PBXBuildFile; fileRef = 8284BEFF2D7E3B7400036350 /* CoreDataTransactionsStore+BitcoinRateStore.swift */; };
		8284BF0E2D7E3B7400036350 /* CoreDataTransactionsStore+TransactionsStore.swift in Sources */ = {isa = PBXBuildFile; fileRef = 8284BF002D7E3B7400036350 /* CoreDataTransactionsStore+TransactionsStore.swift */; };
		8284BF0F2D7E3B7400036350 /* ManagedBitcoinRate.swift in Sources */ = {isa = PBXBuildFile; fileRef = 8284BF012D7E3B7400036350 /* ManagedBitcoinRate.swift */; };
		8284BF102D7E3B7400036350 /* ManagedTransaction.swift in Sources */ = {isa = PBXBuildFile; fileRef = 8284BF022D7E3B7400036350 /* ManagedTransaction.swift */; };
		8284BF112D7E3B7400036350 /* Transactions.xcdatamodeld in Sources */ = {isa = PBXBuildFile; fileRef = 8284BF032D7E3B7400036350 /* Transactions.xcdatamodeld */; };
		8284BF142D7E3B9800036350 /* Transaction.swift in Sources */ = {isa = PBXBuildFile; fileRef = 8284BF122D7E3B9800036350 /* Transaction.swift */; };
		8284BF252D7E4D6E00036350 /* DepositPresenter.swift in Sources */ = {isa = PBXBuildFile; fileRef = 8284BF202D7E4D6E00036350 /* DepositPresenter.swift */; };
		8284BF262D7E4D6E00036350 /* UIAlertController+UITextField.swift in Sources */ = {isa = PBXBuildFile; fileRef = 8284BF222D7E4D6E00036350 /* UIAlertController+UITextField.swift */; };
		8284BF382D7F0CC700036350 /* Paginated.swift in Sources */ = {isa = PBXBuildFile; fileRef = 8284BF372D7F0CC700036350 /* Paginated.swift */; };
		8284BF3C2D7F35DF00036350 /* CellController.swift in Sources */ = {isa = PBXBuildFile; fileRef = 8284BF3B2D7F35DF00036350 /* CellController.swift */; };
		8284BF492D7F8FAC00036350 /* LoadMoreCell.swift in Sources */ = {isa = PBXBuildFile; fileRef = 8284BF442D7F8FAC00036350 /* LoadMoreCell.swift */; };
		8284BF4A2D7F8FAC00036350 /* LoadMoreCellController.swift in Sources */ = {isa = PBXBuildFile; fileRef = 8284BF452D7F8FAC00036350 /* LoadMoreCellController.swift */; };
		8284BF4B2D7F8FAC00036350 /* TransactionCell.swift in Sources */ = {isa = PBXBuildFile; fileRef = 8284BF462D7F8FAC00036350 /* TransactionCell.swift */; };
		8284BF4C2D7F8FAC00036350 /* TransactionCellController.swift in Sources */ = {isa = PBXBuildFile; fileRef = 8284BF472D7F8FAC00036350 /* TransactionCellController.swift */; };
		8284BF4F2D7F8FEB00036350 /* AddTransactionViewController.swift in Sources */ = {isa = PBXBuildFile; fileRef = 8284BF4E2D7F8FEB00036350 /* AddTransactionViewController.swift */; };
		8284BF5B2D7FB22D00036350 /* AddTransactionPresenter.swift in Sources */ = {isa = PBXBuildFile; fileRef = 8284BF592D7FB22D00036350 /* AddTransactionPresenter.swift */; };
		8284BF682D7FB23100036350 /* AddTransactionPresentationAdapter.swift in Sources */ = {isa = PBXBuildFile; fileRef = 8284BF5D2D7FB23100036350 /* AddTransactionPresentationAdapter.swift */; };
		8284BF692D7FB23100036350 /* AddTransactionUIComposer.swift in Sources */ = {isa = PBXBuildFile; fileRef = 8284BF5E2D7FB23100036350 /* AddTransactionUIComposer.swift */; };
		8284BF6A2D7FB23100036350 /* DepositPresentationAdapter.swift in Sources */ = {isa = PBXBuildFile; fileRef = 8284BF602D7FB23100036350 /* DepositPresentationAdapter.swift */; };
		8284BF6B2D7FB23100036350 /* DepositUIComposer.swift in Sources */ = {isa = PBXBuildFile; fileRef = 8284BF612D7FB23100036350 /* DepositUIComposer.swift */; };
		8284BF6C2D7FB23100036350 /* TransactionsPresentationAdapter.swift in Sources */ = {isa = PBXBuildFile; fileRef = 8284BF632D7FB23100036350 /* TransactionsPresentationAdapter.swift */; };
		8284BF6D2D7FB23100036350 /* TransactionsUIComposer.swift in Sources */ = {isa = PBXBuildFile; fileRef = 8284BF642D7FB23100036350 /* TransactionsUIComposer.swift */; };
		8284BF6E2D7FB23100036350 /* TransactionsViewAdapter.swift in Sources */ = {isa = PBXBuildFile; fileRef = 8284BF652D7FB23100036350 /* TransactionsViewAdapter.swift */; };
		8284BF702D80226C00036350 /* TransactionSection.swift in Sources */ = {isa = PBXBuildFile; fileRef = 8284BF6F2D80226C00036350 /* TransactionSection.swift */; };
		8284BF722D8025DF00036350 /* BalanceStore.swift in Sources */ = {isa = PBXBuildFile; fileRef = 8284BF712D8025DF00036350 /* BalanceStore.swift */; };
		8284BF762D8026C200036350 /* Balance.swift in Sources */ = {isa = PBXBuildFile; fileRef = 8284BF752D8026C200036350 /* Balance.swift */; };
		8284BF782D8026FB00036350 /* CoreDataTransactionsStore+BalanceStore.swift in Sources */ = {isa = PBXBuildFile; fileRef = 8284BF772D8026FB00036350 /* CoreDataTransactionsStore+BalanceStore.swift */; };
		82AFEC992D7B0C3C006CF875 /* Assets.xcassets in Resources */ = {isa = PBXBuildFile; fileRef = 82AFEC952D7B0C3C006CF875 /* Assets.xcassets */; };
		82AFEC9A2D7B0C3C006CF875 /* LaunchScreen.storyboard in Resources */ = {isa = PBXBuildFile; fileRef = 82AFEC972D7B0C3C006CF875 /* LaunchScreen.storyboard */; };
		82AFEC9B2D7B0C3C006CF875 /* Base in Resources */ = {isa = PBXBuildFile; fileRef = 82AFEC962D7B0C3C006CF875 /* Base */; };
		82E91CD82D7B70AF00C37DBB /* HTTPClient.swift in Sources */ = {isa = PBXBuildFile; fileRef = 82E91CD52D7B70AF00C37DBB /* HTTPClient.swift */; };
		82E91CD92D7B70AF00C37DBB /* URLSessionHTTPClient.swift in Sources */ = {isa = PBXBuildFile; fileRef = 82E91CD62D7B70AF00C37DBB /* URLSessionHTTPClient.swift */; };
		82E91CE02D7B799F00C37DBB /* CombineHelpers.swift in Sources */ = {isa = PBXBuildFile; fileRef = 82E91CDF2D7B799F00C37DBB /* CombineHelpers.swift */; };
		82E91CF72D7B9F7E00C37DBB /* NullStore.swift in Sources */ = {isa = PBXBuildFile; fileRef = 82E91CF62D7B9F7E00C37DBB /* NullStore.swift */; };
/* End PBXBuildFile section */

/* Begin PBXContainerItemProxy section */
		1CA3B66C2D22B0F600176711 /* PBXContainerItemProxy */ = {
			isa = PBXContainerItemProxy;
			containerPortal = 1CA3B64A2D22B0F500176711 /* Project object */;
			proxyType = 1;
			remoteGlobalIDString = 1CA3B6512D22B0F500176711;
			remoteInfo = TransactionsTestTask;
		};
		1CA3B6762D22B0F600176711 /* PBXContainerItemProxy */ = {
			isa = PBXContainerItemProxy;
			containerPortal = 1CA3B64A2D22B0F500176711 /* Project object */;
			proxyType = 1;
			remoteGlobalIDString = 1CA3B6512D22B0F500176711;
			remoteInfo = TransactionsTestTask;
		};
/* End PBXContainerItemProxy section */

/* Begin PBXFileReference section */
		0D1540602D22EF5D00D6D63F /* AnalyticsEvent.swift */ = {isa = PBXFileReference; lastKnownFileType = sourcecode.swift; path = AnalyticsEvent.swift; sourceTree = "<group>"; };
		0DF1D13F2D22DC4B001626E7 /* ServicesAssembler.swift */ = {isa = PBXFileReference; lastKnownFileType = sourcecode.swift; path = ServicesAssembler.swift; sourceTree = "<group>"; };
		0DF1D1422D22DCD2001626E7 /* PerformOnce.swift */ = {isa = PBXFileReference; lastKnownFileType = sourcecode.swift; path = PerformOnce.swift; sourceTree = "<group>"; };
		0DF1D1442D22DCFF001626E7 /* BitcoinRateService.swift */ = {isa = PBXFileReference; lastKnownFileType = sourcecode.swift; path = BitcoinRateService.swift; sourceTree = "<group>"; };
		0DF1D1462D22DD44001626E7 /* AnalyticsService.swift */ = {isa = PBXFileReference; lastKnownFileType = sourcecode.swift; path = AnalyticsService.swift; sourceTree = "<group>"; };
		1CA3B6522D22B0F500176711 /* TransactionsTestTask.app */ = {isa = PBXFileReference; explicitFileType = wrapper.application; includeInIndex = 0; path = TransactionsTestTask.app; sourceTree = BUILT_PRODUCTS_DIR; };
		1CA3B6552D22B0F500176711 /* AppDelegate.swift */ = {isa = PBXFileReference; lastKnownFileType = sourcecode.swift; path = AppDelegate.swift; sourceTree = "<group>"; };
		1CA3B6572D22B0F500176711 /* SceneDelegate.swift */ = {isa = PBXFileReference; lastKnownFileType = sourcecode.swift; path = SceneDelegate.swift; sourceTree = "<group>"; };
		1CA3B66B2D22B0F600176711 /* TransactionsTestTaskTests.xctest */ = {isa = PBXFileReference; explicitFileType = wrapper.cfbundle; includeInIndex = 0; path = TransactionsTestTaskTests.xctest; sourceTree = BUILT_PRODUCTS_DIR; };
		1CA3B66F2D22B0F600176711 /* AnalyticsServiceTests.swift */ = {isa = PBXFileReference; lastKnownFileType = sourcecode.swift; path = AnalyticsServiceTests.swift; sourceTree = "<group>"; };
		1CA3B6752D22B0F600176711 /* TransactionsTestTaskUITests.xctest */ = {isa = PBXFileReference; explicitFileType = wrapper.cfbundle; includeInIndex = 0; path = TransactionsTestTaskUITests.xctest; sourceTree = BUILT_PRODUCTS_DIR; };
		820CEBC82D7B370A00D5C8A3 /* UIStackView+Alignment.swift */ = {isa = PBXFileReference; lastKnownFileType = sourcecode.swift; path = "UIStackView+Alignment.swift"; sourceTree = "<group>"; };
		820CEBCB2D7B370A00D5C8A3 /* UIHorizontalStackView.swift */ = {isa = PBXFileReference; lastKnownFileType = sourcecode.swift; path = UIHorizontalStackView.swift; sourceTree = "<group>"; };
		820CEBCC2D7B370A00D5C8A3 /* UIVerticalStackView.swift */ = {isa = PBXFileReference; lastKnownFileType = sourcecode.swift; path = UIVerticalStackView.swift; sourceTree = "<group>"; };
		820CEBD02D7B374600D5C8A3 /* NiblessView.swift */ = {isa = PBXFileReference; lastKnownFileType = sourcecode.swift; path = NiblessView.swift; sourceTree = "<group>"; };
		820CEBD22D7B377600D5C8A3 /* NiblessViewController.swift */ = {isa = PBXFileReference; lastKnownFileType = sourcecode.swift; path = NiblessViewController.swift; sourceTree = "<group>"; };
		820CEBDA2D7B50D800D5C8A3 /* UITableView+Cell.swift */ = {isa = PBXFileReference; lastKnownFileType = sourcecode.swift; path = "UITableView+Cell.swift"; sourceTree = "<group>"; };
		820CEBE02D7B5F5400D5C8A3 /* TransactionsDiffableTableDataSource.swift */ = {isa = PBXFileReference; lastKnownFileType = sourcecode.swift; path = TransactionsDiffableTableDataSource.swift; sourceTree = "<group>"; };
		820CEBE12D7B5F5400D5C8A3 /* TransactionsViewController.swift */ = {isa = PBXFileReference; lastKnownFileType = sourcecode.swift; path = TransactionsViewController.swift; sourceTree = "<group>"; };
		820CEBE72D7B5F5400D5C8A3 /* TransactionsPresenter.swift */ = {isa = PBXFileReference; lastKnownFileType = sourcecode.swift; path = TransactionsPresenter.swift; sourceTree = "<group>"; };
		820CEBEA2D7B629300D5C8A3 /* WeakRefVirtualProxy.swift */ = {isa = PBXFileReference; lastKnownFileType = sourcecode.swift; path = WeakRefVirtualProxy.swift; sourceTree = "<group>"; };
		822B33D12D7BA75400C0E17E /* BitcoinRateEndpoint.swift */ = {isa = PBXFileReference; lastKnownFileType = sourcecode.swift; path = BitcoinRateEndpoint.swift; sourceTree = "<group>"; };
		822B33D22D7BA75400C0E17E /* BitcoinRateMapper.swift */ = {isa = PBXFileReference; lastKnownFileType = sourcecode.swift; path = BitcoinRateMapper.swift; sourceTree = "<group>"; };
		822B33D62D7BA75B00C0E17E /* BitcoinRate.swift */ = {isa = PBXFileReference; lastKnownFileType = sourcecode.swift; path = BitcoinRate.swift; sourceTree = "<group>"; };
		8284BEF72D7E3B7400036350 /* BitcoinRateStore.swift */ = {isa = PBXFileReference; lastKnownFileType = sourcecode.swift; path = BitcoinRateStore.swift; sourceTree = "<group>"; };
		8284BEF92D7E3B7400036350 /* LocalBitcoinRateLoader.swift */ = {isa = PBXFileReference; lastKnownFileType = sourcecode.swift; path = LocalBitcoinRateLoader.swift; sourceTree = "<group>"; };
		8284BEFB2D7E3B7400036350 /* TransactionsStore.swift */ = {isa = PBXFileReference; lastKnownFileType = sourcecode.swift; path = TransactionsStore.swift; sourceTree = "<group>"; };
		8284BEFD2D7E3B7400036350 /* CoreDataHelpers.swift */ = {isa = PBXFileReference; lastKnownFileType = sourcecode.swift; path = CoreDataHelpers.swift; sourceTree = "<group>"; };
		8284BEFE2D7E3B7400036350 /* CoreDataTransactionsStore.swift */ = {isa = PBXFileReference; lastKnownFileType = sourcecode.swift; path = CoreDataTransactionsStore.swift; sourceTree = "<group>"; };
		8284BEFF2D7E3B7400036350 /* CoreDataTransactionsStore+BitcoinRateStore.swift */ = {isa = PBXFileReference; lastKnownFileType = sourcecode.swift; path = "CoreDataTransactionsStore+BitcoinRateStore.swift"; sourceTree = "<group>"; };
		8284BF002D7E3B7400036350 /* CoreDataTransactionsStore+TransactionsStore.swift */ = {isa = PBXFileReference; lastKnownFileType = sourcecode.swift; path = "CoreDataTransactionsStore+TransactionsStore.swift"; sourceTree = "<group>"; };
		8284BF012D7E3B7400036350 /* ManagedBitcoinRate.swift */ = {isa = PBXFileReference; lastKnownFileType = sourcecode.swift; path = ManagedBitcoinRate.swift; sourceTree = "<group>"; };
		8284BF022D7E3B7400036350 /* ManagedTransaction.swift */ = {isa = PBXFileReference; lastKnownFileType = sourcecode.swift; path = ManagedTransaction.swift; sourceTree = "<group>"; };
		8284BF062D7E3B7400036350 /* Transactions.xcdatamodel */ = {isa = PBXFileReference; lastKnownFileType = wrapper.xcdatamodel; path = Transactions.xcdatamodel; sourceTree = "<group>"; };
		8284BF122D7E3B9800036350 /* Transaction.swift */ = {isa = PBXFileReference; lastKnownFileType = sourcecode.swift; path = Transaction.swift; sourceTree = "<group>"; };
		8284BF202D7E4D6E00036350 /* DepositPresenter.swift */ = {isa = PBXFileReference; lastKnownFileType = sourcecode.swift; path = DepositPresenter.swift; sourceTree = "<group>"; };
		8284BF222D7E4D6E00036350 /* UIAlertController+UITextField.swift */ = {isa = PBXFileReference; lastKnownFileType = sourcecode.swift; path = "UIAlertController+UITextField.swift"; sourceTree = "<group>"; };
		8284BF372D7F0CC700036350 /* Paginated.swift */ = {isa = PBXFileReference; lastKnownFileType = sourcecode.swift; path = Paginated.swift; sourceTree = "<group>"; };
		8284BF3B2D7F35DF00036350 /* CellController.swift */ = {isa = PBXFileReference; lastKnownFileType = sourcecode.swift; path = CellController.swift; sourceTree = "<group>"; };
		8284BF442D7F8FAC00036350 /* LoadMoreCell.swift */ = {isa = PBXFileReference; lastKnownFileType = sourcecode.swift; path = LoadMoreCell.swift; sourceTree = "<group>"; };
		8284BF452D7F8FAC00036350 /* LoadMoreCellController.swift */ = {isa = PBXFileReference; lastKnownFileType = sourcecode.swift; path = LoadMoreCellController.swift; sourceTree = "<group>"; };
		8284BF462D7F8FAC00036350 /* TransactionCell.swift */ = {isa = PBXFileReference; lastKnownFileType = sourcecode.swift; path = TransactionCell.swift; sourceTree = "<group>"; };
		8284BF472D7F8FAC00036350 /* TransactionCellController.swift */ = {isa = PBXFileReference; lastKnownFileType = sourcecode.swift; path = TransactionCellController.swift; sourceTree = "<group>"; };
		8284BF4E2D7F8FEB00036350 /* AddTransactionViewController.swift */ = {isa = PBXFileReference; lastKnownFileType = sourcecode.swift; path = AddTransactionViewController.swift; sourceTree = "<group>"; };
		8284BF592D7FB22D00036350 /* AddTransactionPresenter.swift */ = {isa = PBXFileReference; lastKnownFileType = sourcecode.swift; path = AddTransactionPresenter.swift; sourceTree = "<group>"; };
		8284BF5D2D7FB23100036350 /* AddTransactionPresentationAdapter.swift */ = {isa = PBXFileReference; lastKnownFileType = sourcecode.swift; path = AddTransactionPresentationAdapter.swift; sourceTree = "<group>"; };
		8284BF5E2D7FB23100036350 /* AddTransactionUIComposer.swift */ = {isa = PBXFileReference; lastKnownFileType = sourcecode.swift; path = AddTransactionUIComposer.swift; sourceTree = "<group>"; };
		8284BF602D7FB23100036350 /* DepositPresentationAdapter.swift */ = {isa = PBXFileReference; lastKnownFileType = sourcecode.swift; path = DepositPresentationAdapter.swift; sourceTree = "<group>"; };
		8284BF612D7FB23100036350 /* DepositUIComposer.swift */ = {isa = PBXFileReference; lastKnownFileType = sourcecode.swift; path = DepositUIComposer.swift; sourceTree = "<group>"; };
		8284BF632D7FB23100036350 /* TransactionsPresentationAdapter.swift */ = {isa = PBXFileReference; lastKnownFileType = sourcecode.swift; path = TransactionsPresentationAdapter.swift; sourceTree = "<group>"; };
		8284BF642D7FB23100036350 /* TransactionsUIComposer.swift */ = {isa = PBXFileReference; lastKnownFileType = sourcecode.swift; path = TransactionsUIComposer.swift; sourceTree = "<group>"; };
		8284BF652D7FB23100036350 /* TransactionsViewAdapter.swift */ = {isa = PBXFileReference; lastKnownFileType = sourcecode.swift; path = TransactionsViewAdapter.swift; sourceTree = "<group>"; };
		8284BF6F2D80226C00036350 /* TransactionSection.swift */ = {isa = PBXFileReference; lastKnownFileType = sourcecode.swift; path = TransactionSection.swift; sourceTree = "<group>"; };
		8284BF712D8025DF00036350 /* BalanceStore.swift */ = {isa = PBXFileReference; lastKnownFileType = sourcecode.swift; path = BalanceStore.swift; sourceTree = "<group>"; };
		8284BF752D8026C200036350 /* Balance.swift */ = {isa = PBXFileReference; lastKnownFileType = sourcecode.swift; path = Balance.swift; sourceTree = "<group>"; };
		8284BF772D8026FB00036350 /* CoreDataTransactionsStore+BalanceStore.swift */ = {isa = PBXFileReference; lastKnownFileType = sourcecode.swift; path = "CoreDataTransactionsStore+BalanceStore.swift"; sourceTree = "<group>"; };
		82AFEC952D7B0C3C006CF875 /* Assets.xcassets */ = {isa = PBXFileReference; lastKnownFileType = folder.assetcatalog; path = Assets.xcassets; sourceTree = "<group>"; };
		82AFEC962D7B0C3C006CF875 /* Base */ = {isa = PBXFileReference; lastKnownFileType = file.storyboard; name = Base; path = Base.lproj/LaunchScreen.storyboard; sourceTree = "<group>"; };
		82AFEC9C2D7B0C3C006CF875 /* Info.plist */ = {isa = PBXFileReference; lastKnownFileType = text.plist.xml; path = Info.plist; sourceTree = "<group>"; };
		82E91CD52D7B70AF00C37DBB /* HTTPClient.swift */ = {isa = PBXFileReference; lastKnownFileType = sourcecode.swift; path = HTTPClient.swift; sourceTree = "<group>"; };
		82E91CD62D7B70AF00C37DBB /* URLSessionHTTPClient.swift */ = {isa = PBXFileReference; lastKnownFileType = sourcecode.swift; path = URLSessionHTTPClient.swift; sourceTree = "<group>"; };
		82E91CDF2D7B799F00C37DBB /* CombineHelpers.swift */ = {isa = PBXFileReference; lastKnownFileType = sourcecode.swift; path = CombineHelpers.swift; sourceTree = "<group>"; };
		82E91CF62D7B9F7E00C37DBB /* NullStore.swift */ = {isa = PBXFileReference; lastKnownFileType = sourcecode.swift; path = NullStore.swift; sourceTree = "<group>"; };
/* End PBXFileReference section */

/* Begin PBXFrameworksBuildPhase section */
		1CA3B64F2D22B0F500176711 /* Frameworks */ = {
			isa = PBXFrameworksBuildPhase;
			buildActionMask = 2147483647;
			files = (
			);
			runOnlyForDeploymentPostprocessing = 0;
		};
		1CA3B6682D22B0F600176711 /* Frameworks */ = {
			isa = PBXFrameworksBuildPhase;
			buildActionMask = 2147483647;
			files = (
			);
			runOnlyForDeploymentPostprocessing = 0;
		};
		1CA3B6722D22B0F600176711 /* Frameworks */ = {
			isa = PBXFrameworksBuildPhase;
			buildActionMask = 2147483647;
			files = (
			);
			runOnlyForDeploymentPostprocessing = 0;
		};
/* End PBXFrameworksBuildPhase section */

/* Begin PBXGroup section */
		0D15405F2D22EF3400D6D63F /* AnalyticsService */ = {
			isa = PBXGroup;
			children = (
				0DF1D1462D22DD44001626E7 /* AnalyticsService.swift */,
				0D1540602D22EF5D00D6D63F /* AnalyticsEvent.swift */,
			);
			path = AnalyticsService;
			sourceTree = "<group>";
		};
		0DF1D13E2D22DC2D001626E7 /* Services */ = {
			isa = PBXGroup;
			children = (
				0DF1D1412D22DCC3001626E7 /* Helpers */,
				0DF1D13F2D22DC4B001626E7 /* ServicesAssembler.swift */,
				0DF1D1442D22DCFF001626E7 /* BitcoinRateService.swift */,
				0D15405F2D22EF3400D6D63F /* AnalyticsService */,
			);
			path = Services;
			sourceTree = "<group>";
		};
		0DF1D1412D22DCC3001626E7 /* Helpers */ = {
			isa = PBXGroup;
			children = (
				0DF1D1422D22DCD2001626E7 /* PerformOnce.swift */,
			);
			path = Helpers;
			sourceTree = "<group>";
		};
		1CA3B6492D22B0F500176711 = {
			isa = PBXGroup;
			children = (
				1CA3B6542D22B0F500176711 /* TransactionsTestTask */,
				1CA3B66E2D22B0F600176711 /* TransactionsTestTaskTests */,
				1CA3B6532D22B0F500176711 /* Products */,
			);
			sourceTree = "<group>";
		};
		1CA3B6532D22B0F500176711 /* Products */ = {
			isa = PBXGroup;
			children = (
				1CA3B6522D22B0F500176711 /* TransactionsTestTask.app */,
				1CA3B66B2D22B0F600176711 /* TransactionsTestTaskTests.xctest */,
				1CA3B6752D22B0F600176711 /* TransactionsTestTaskUITests.xctest */,
			);
			name = Products;
			sourceTree = "<group>";
		};
		1CA3B6542D22B0F500176711 /* TransactionsTestTask */ = {
			isa = PBXGroup;
			children = (
				82AFECA52D7B0CAD006CF875 /* Modules */,
				82AFEC8D2D7B0BFB006CF875 /* Application */,
				82AFEC9D2D7B0C3C006CF875 /* SupportingFiles */,
				82AFEC982D7B0C3C006CF875 /* Resources */,
				0DF1D13E2D22DC2D001626E7 /* Services */,
			);
			path = TransactionsTestTask;
			sourceTree = "<group>";
		};
		1CA3B66E2D22B0F600176711 /* TransactionsTestTaskTests */ = {
			isa = PBXGroup;
			children = (
				1CA3B66F2D22B0F600176711 /* AnalyticsServiceTests.swift */,
			);
			path = TransactionsTestTaskTests;
			sourceTree = "<group>";
		};
		820CEBC92D7B370A00D5C8A3 /* Extensions */ = {
			isa = PBXGroup;
			children = (
				820CEBC82D7B370A00D5C8A3 /* UIStackView+Alignment.swift */,
				820CEBDA2D7B50D800D5C8A3 /* UITableView+Cell.swift */,
			);
			path = Extensions;
			sourceTree = "<group>";
		};
		820CEBCD2D7B370A00D5C8A3 /* UI */ = {
			isa = PBXGroup;
			children = (
				820CEBC92D7B370A00D5C8A3 /* Extensions */,
				820CEBCB2D7B370A00D5C8A3 /* UIHorizontalStackView.swift */,
				820CEBCC2D7B370A00D5C8A3 /* UIVerticalStackView.swift */,
				820CEBD02D7B374600D5C8A3 /* NiblessView.swift */,
				820CEBD22D7B377600D5C8A3 /* NiblessViewController.swift */,
				8284BF3B2D7F35DF00036350 /* CellController.swift */,
			);
			path = UI;
			sourceTree = "<group>";
		};
		820CEBE22D7B5F5400D5C8A3 /* UI */ = {
			isa = PBXGroup;
			children = (
				8284BF482D7F8FAC00036350 /* Cells */,
				820CEBE02D7B5F5400D5C8A3 /* TransactionsDiffableTableDataSource.swift */,
				820CEBE12D7B5F5400D5C8A3 /* TransactionsViewController.swift */,
				8284BF6F2D80226C00036350 /* TransactionSection.swift */,
			);
			path = UI;
			sourceTree = "<group>";
		};
		820CEBE82D7B5F5400D5C8A3 /* Presentation */ = {
			isa = PBXGroup;
			children = (
				820CEBE72D7B5F5400D5C8A3 /* TransactionsPresenter.swift */,
			);
			path = Presentation;
			sourceTree = "<group>";
		};
		822B33D32D7BA75400C0E17E /* API */ = {
			isa = PBXGroup;
			children = (
				822B33D12D7BA75400C0E17E /* BitcoinRateEndpoint.swift */,
				822B33D22D7BA75400C0E17E /* BitcoinRateMapper.swift */,
			);
			path = API;
			sourceTree = "<group>";
		};
		822B33D72D7BA75B00C0E17E /* Feature */ = {
			isa = PBXGroup;
			children = (
				822B33D62D7BA75B00C0E17E /* BitcoinRate.swift */,
				8284BF752D8026C200036350 /* Balance.swift */,
			);
			path = Feature;
			sourceTree = "<group>";
		};
		8284BEF62D7E3B7400036350 /* Balance */ = {
			isa = PBXGroup;
			children = (
				8284BF712D8025DF00036350 /* BalanceStore.swift */,
			);
			path = Balance;
			sourceTree = "<group>";
		};
		8284BEFA2D7E3B7400036350 /* BitcoinRate */ = {
			isa = PBXGroup;
			children = (
				8284BEF72D7E3B7400036350 /* BitcoinRateStore.swift */,
			);
			path = BitcoinRate;
			sourceTree = "<group>";
		};
		8284BEFC2D7E3B7400036350 /* Transaction */ = {
			isa = PBXGroup;
			children = (
				8284BEFB2D7E3B7400036350 /* TransactionsStore.swift */,
				8284BEF92D7E3B7400036350 /* LocalBitcoinRateLoader.swift */,
			);
			path = Transaction;
			sourceTree = "<group>";
		};
		8284BF042D7E3B7400036350 /* CoreData */ = {
			isa = PBXGroup;
			children = (
				8284BEF62D7E3B7400036350 /* Balance */,
				8284BEFA2D7E3B7400036350 /* BitcoinRate */,
				8284BEFC2D7E3B7400036350 /* Transaction */,
				8284BEFD2D7E3B7400036350 /* CoreDataHelpers.swift */,
				8284BEFE2D7E3B7400036350 /* CoreDataTransactionsStore.swift */,
				8284BEFF2D7E3B7400036350 /* CoreDataTransactionsStore+BitcoinRateStore.swift */,
				8284BF002D7E3B7400036350 /* CoreDataTransactionsStore+TransactionsStore.swift */,
				8284BF772D8026FB00036350 /* CoreDataTransactionsStore+BalanceStore.swift */,
				8284BF012D7E3B7400036350 /* ManagedBitcoinRate.swift */,
				8284BF022D7E3B7400036350 /* ManagedTransaction.swift */,
				8284BF032D7E3B7400036350 /* Transactions.xcdatamodeld */,
			);
			path = CoreData;
			sourceTree = "<group>";
		};
		8284BF052D7E3B7400036350 /* Cache */ = {
			isa = PBXGroup;
			children = (
				8284BF042D7E3B7400036350 /* CoreData */,
			);
			path = Cache;
			sourceTree = "<group>";
		};
		8284BF132D7E3B9800036350 /* Feature */ = {
			isa = PBXGroup;
			children = (
				8284BF122D7E3B9800036350 /* Transaction.swift */,
				8284BF372D7F0CC700036350 /* Paginated.swift */,
			);
			path = Feature;
			sourceTree = "<group>";
		};
		8284BF212D7E4D6E00036350 /* Presentation */ = {
			isa = PBXGroup;
			children = (
				8284BF202D7E4D6E00036350 /* DepositPresenter.swift */,
			);
			path = Presentation;
			sourceTree = "<group>";
		};
		8284BF232D7E4D6E00036350 /* UI */ = {
			isa = PBXGroup;
			children = (
				8284BF222D7E4D6E00036350 /* UIAlertController+UITextField.swift */,
			);
			path = UI;
			sourceTree = "<group>";
		};
		8284BF242D7E4D6E00036350 /* Deposit */ = {
			isa = PBXGroup;
			children = (
				8284BF212D7E4D6E00036350 /* Presentation */,
				8284BF232D7E4D6E00036350 /* UI */,
			);
			path = Deposit;
			sourceTree = "<group>";
		};
		8284BF482D7F8FAC00036350 /* Cells */ = {
			isa = PBXGroup;
			children = (
				8284BF442D7F8FAC00036350 /* LoadMoreCell.swift */,
				8284BF452D7F8FAC00036350 /* LoadMoreCellController.swift */,
				8284BF462D7F8FAC00036350 /* TransactionCell.swift */,
				8284BF472D7F8FAC00036350 /* TransactionCellController.swift */,
			);
			path = Cells;
			sourceTree = "<group>";
		};
		8284BF5A2D7FB22D00036350 /* Presentation */ = {
			isa = PBXGroup;
			children = (
				8284BF592D7FB22D00036350 /* AddTransactionPresenter.swift */,
			);
			path = Presentation;
			sourceTree = "<group>";
		};
		8284BF5C2D7FB22F00036350 /* UI */ = {
			isa = PBXGroup;
			children = (
				8284BF4E2D7F8FEB00036350 /* AddTransactionViewController.swift */,
			);
			path = UI;
			sourceTree = "<group>";
		};
		8284BF5F2D7FB23100036350 /* AddTransaction */ = {
			isa = PBXGroup;
			children = (
				8284BF5D2D7FB23100036350 /* AddTransactionPresentationAdapter.swift */,
				8284BF5E2D7FB23100036350 /* AddTransactionUIComposer.swift */,
			);
			path = AddTransaction;
			sourceTree = "<group>";
		};
		8284BF622D7FB23100036350 /* Deposit */ = {
			isa = PBXGroup;
			children = (
				8284BF602D7FB23100036350 /* DepositPresentationAdapter.swift */,
				8284BF612D7FB23100036350 /* DepositUIComposer.swift */,
			);
			path = Deposit;
			sourceTree = "<group>";
		};
		8284BF662D7FB23100036350 /* Transactions */ = {
			isa = PBXGroup;
			children = (
				8284BF632D7FB23100036350 /* TransactionsPresentationAdapter.swift */,
				8284BF642D7FB23100036350 /* TransactionsUIComposer.swift */,
				8284BF652D7FB23100036350 /* TransactionsViewAdapter.swift */,
			);
			path = Transactions;
			sourceTree = "<group>";
		};
		8284BF672D7FB23100036350 /* Scenes */ = {
			isa = PBXGroup;
			children = (
				8284BF5F2D7FB23100036350 /* AddTransaction */,
				8284BF622D7FB23100036350 /* Deposit */,
				8284BF662D7FB23100036350 /* Transactions */,
			);
			path = Scenes;
			sourceTree = "<group>";
		};
		82AFEC8D2D7B0BFB006CF875 /* Application */ = {
			isa = PBXGroup;
			children = (
				8284BF672D7FB23100036350 /* Scenes */,
				1CA3B6552D22B0F500176711 /* AppDelegate.swift */,
				1CA3B6572D22B0F500176711 /* SceneDelegate.swift */,
				82E91CF62D7B9F7E00C37DBB /* NullStore.swift */,
				820CEBEA2D7B629300D5C8A3 /* WeakRefVirtualProxy.swift */,
				82E91CDF2D7B799F00C37DBB /* CombineHelpers.swift */,
			);
			path = Application;
			sourceTree = "<group>";
		};
		82AFEC982D7B0C3C006CF875 /* Resources */ = {
			isa = PBXGroup;
			children = (
				82AFEC952D7B0C3C006CF875 /* Assets.xcassets */,
				82AFEC972D7B0C3C006CF875 /* LaunchScreen.storyboard */,
			);
			path = Resources;
			sourceTree = "<group>";
		};
		82AFEC9D2D7B0C3C006CF875 /* SupportingFiles */ = {
			isa = PBXGroup;
			children = (
				82AFEC9C2D7B0C3C006CF875 /* Info.plist */,
			);
			path = SupportingFiles;
			sourceTree = "<group>";
		};
		82AFECA22D7B0CAD006CF875 /* AddTransaction */ = {
			isa = PBXGroup;
			children = (
				8284BF5A2D7FB22D00036350 /* Presentation */,
				8284BF5C2D7FB22F00036350 /* UI */,
			);
			path = AddTransaction;
			sourceTree = "<group>";
		};
		82AFECA42D7B0CAD006CF875 /* Transactions */ = {
			isa = PBXGroup;
			children = (
				8284BF052D7E3B7400036350 /* Cache */,
				822B33D32D7BA75400C0E17E /* API */,
				822B33D72D7BA75B00C0E17E /* Feature */,
				820CEBE82D7B5F5400D5C8A3 /* Presentation */,
				820CEBE22D7B5F5400D5C8A3 /* UI */,
			);
			path = Transactions;
			sourceTree = "<group>";
		};
		82AFECA52D7B0CAD006CF875 /* Modules */ = {
			isa = PBXGroup;
			children = (
				82AFECA82D7B167C006CF875 /* Shared */,
				82E91CD72D7B70AF00C37DBB /* Networking */,
				8284BF242D7E4D6E00036350 /* Deposit */,
				82AFECA42D7B0CAD006CF875 /* Transactions */,
				82AFECA22D7B0CAD006CF875 /* AddTransaction */,
			);
			path = Modules;
			sourceTree = "<group>";
		};
		82AFECA82D7B167C006CF875 /* Shared */ = {
			isa = PBXGroup;
			children = (
				8284BF132D7E3B9800036350 /* Feature */,
				820CEBCD2D7B370A00D5C8A3 /* UI */,
			);
			path = Shared;
			sourceTree = "<group>";
		};
		82E91CD72D7B70AF00C37DBB /* Networking */ = {
			isa = PBXGroup;
			children = (
				82E91CD52D7B70AF00C37DBB /* HTTPClient.swift */,
				82E91CD62D7B70AF00C37DBB /* URLSessionHTTPClient.swift */,
			);
			path = Networking;
			sourceTree = "<group>";
		};
/* End PBXGroup section */

/* Begin PBXNativeTarget section */
		1CA3B6512D22B0F500176711 /* TransactionsTestTask */ = {
			isa = PBXNativeTarget;
			buildConfigurationList = 1CA3B67F2D22B0F600176711 /* Build configuration list for PBXNativeTarget "TransactionsTestTask" */;
			buildPhases = (
				1CA3B64E2D22B0F500176711 /* Sources */,
				1CA3B64F2D22B0F500176711 /* Frameworks */,
				1CA3B6502D22B0F500176711 /* Resources */,
			);
			buildRules = (
			);
			dependencies = (
			);
			name = TransactionsTestTask;
			productName = TransactionsTestTask;
			productReference = 1CA3B6522D22B0F500176711 /* TransactionsTestTask.app */;
			productType = "com.apple.product-type.application";
		};
		1CA3B66A2D22B0F600176711 /* TransactionsTestTaskTests */ = {
			isa = PBXNativeTarget;
			buildConfigurationList = 1CA3B6822D22B0F600176711 /* Build configuration list for PBXNativeTarget "TransactionsTestTaskTests" */;
			buildPhases = (
				1CA3B6672D22B0F600176711 /* Sources */,
				1CA3B6682D22B0F600176711 /* Frameworks */,
				1CA3B6692D22B0F600176711 /* Resources */,
			);
			buildRules = (
			);
			dependencies = (
				1CA3B66D2D22B0F600176711 /* PBXTargetDependency */,
			);
			name = TransactionsTestTaskTests;
			productName = TransactionsTestTaskTests;
			productReference = 1CA3B66B2D22B0F600176711 /* TransactionsTestTaskTests.xctest */;
			productType = "com.apple.product-type.bundle.unit-test";
		};
		1CA3B6742D22B0F600176711 /* TransactionsTestTaskUITests */ = {
			isa = PBXNativeTarget;
			buildConfigurationList = 1CA3B6852D22B0F600176711 /* Build configuration list for PBXNativeTarget "TransactionsTestTaskUITests" */;
			buildPhases = (
				1CA3B6712D22B0F600176711 /* Sources */,
				1CA3B6722D22B0F600176711 /* Frameworks */,
				1CA3B6732D22B0F600176711 /* Resources */,
			);
			buildRules = (
			);
			dependencies = (
				1CA3B6772D22B0F600176711 /* PBXTargetDependency */,
			);
			name = TransactionsTestTaskUITests;
			productName = TransactionsTestTaskUITests;
			productReference = 1CA3B6752D22B0F600176711 /* TransactionsTestTaskUITests.xctest */;
			productType = "com.apple.product-type.bundle.ui-testing";
		};
/* End PBXNativeTarget section */

/* Begin PBXProject section */
		1CA3B64A2D22B0F500176711 /* Project object */ = {
			isa = PBXProject;
			attributes = {
				BuildIndependentTargetsInParallel = 1;
				LastSwiftUpdateCheck = 1540;
				LastUpgradeCheck = 1540;
				TargetAttributes = {
					1CA3B6512D22B0F500176711 = {
						CreatedOnToolsVersion = 15.4;
					};
					1CA3B66A2D22B0F600176711 = {
						CreatedOnToolsVersion = 15.4;
						TestTargetID = 1CA3B6512D22B0F500176711;
					};
					1CA3B6742D22B0F600176711 = {
						CreatedOnToolsVersion = 15.4;
						TestTargetID = 1CA3B6512D22B0F500176711;
					};
				};
			};
			buildConfigurationList = 1CA3B64D2D22B0F500176711 /* Build configuration list for PBXProject "TransactionsTestTask" */;
			compatibilityVersion = "Xcode 14.0";
			developmentRegion = en;
			hasScannedForEncodings = 0;
			knownRegions = (
				en,
				Base,
			);
			mainGroup = 1CA3B6492D22B0F500176711;
			productRefGroup = 1CA3B6532D22B0F500176711 /* Products */;
			projectDirPath = "";
			projectRoot = "";
			targets = (
				1CA3B6512D22B0F500176711 /* TransactionsTestTask */,
				1CA3B66A2D22B0F600176711 /* TransactionsTestTaskTests */,
				1CA3B6742D22B0F600176711 /* TransactionsTestTaskUITests */,
			);
		};
/* End PBXProject section */

/* Begin PBXResourcesBuildPhase section */
		1CA3B6502D22B0F500176711 /* Resources */ = {
			isa = PBXResourcesBuildPhase;
			buildActionMask = 2147483647;
			files = (
				82AFEC992D7B0C3C006CF875 /* Assets.xcassets in Resources */,
				82AFEC9A2D7B0C3C006CF875 /* LaunchScreen.storyboard in Resources */,
				82AFEC9B2D7B0C3C006CF875 /* Base in Resources */,
			);
			runOnlyForDeploymentPostprocessing = 0;
		};
		1CA3B6692D22B0F600176711 /* Resources */ = {
			isa = PBXResourcesBuildPhase;
			buildActionMask = 2147483647;
			files = (
			);
			runOnlyForDeploymentPostprocessing = 0;
		};
		1CA3B6732D22B0F600176711 /* Resources */ = {
			isa = PBXResourcesBuildPhase;
			buildActionMask = 2147483647;
			files = (
			);
			runOnlyForDeploymentPostprocessing = 0;
		};
/* End PBXResourcesBuildPhase section */

/* Begin PBXSourcesBuildPhase section */
		1CA3B64E2D22B0F500176711 /* Sources */ = {
			isa = PBXSourcesBuildPhase;
			buildActionMask = 2147483647;
			files = (
				8284BF682D7FB23100036350 /* AddTransactionPresentationAdapter.swift in Sources */,
				8284BF692D7FB23100036350 /* AddTransactionUIComposer.swift in Sources */,
				8284BF6A2D7FB23100036350 /* DepositPresentationAdapter.swift in Sources */,
				8284BF6B2D7FB23100036350 /* DepositUIComposer.swift in Sources */,
				8284BF6C2D7FB23100036350 /* TransactionsPresentationAdapter.swift in Sources */,
				8284BF6D2D7FB23100036350 /* TransactionsUIComposer.swift in Sources */,
				8284BF6E2D7FB23100036350 /* TransactionsViewAdapter.swift in Sources */,
				0D1540612D22EF5D00D6D63F /* AnalyticsEvent.swift in Sources */,
				820CEBEB2D7B629300D5C8A3 /* WeakRefVirtualProxy.swift in Sources */,
				0DF1D1432D22DCD8001626E7 /* PerformOnce.swift in Sources */,
				8284BF3C2D7F35DF00036350 /* CellController.swift in Sources */,
				0DF1D1452D22DD06001626E7 /* BitcoinRateService.swift in Sources */,
				822B33D82D7BA75B00C0E17E /* BitcoinRate.swift in Sources */,
				820CEBD12D7B374600D5C8A3 /* NiblessView.swift in Sources */,
				820CEBD32D7B377600D5C8A3 /* NiblessViewController.swift in Sources */,
				82E91CE02D7B799F00C37DBB /* CombineHelpers.swift in Sources */,
				820CEBCA2D7B370A00D5C8A3 /* UIStackView+Alignment.swift in Sources */,
				0DF1D1472D22DD4A001626E7 /* AnalyticsService.swift in Sources */,
				8284BF072D7E3B7400036350 /* BitcoinRateStore.swift in Sources */,
				8284BF092D7E3B7400036350 /* LocalBitcoinRateLoader.swift in Sources */,
				8284BF722D8025DF00036350 /* BalanceStore.swift in Sources */,
				8284BF0A2D7E3B7400036350 /* TransactionsStore.swift in Sources */,
				8284BF4F2D7F8FEB00036350 /* AddTransactionViewController.swift in Sources */,
				8284BF0B2D7E3B7400036350 /* CoreDataHelpers.swift in Sources */,
				8284BF0C2D7E3B7400036350 /* CoreDataTransactionsStore.swift in Sources */,
				8284BF0D2D7E3B7400036350 /* CoreDataTransactionsStore+BitcoinRateStore.swift in Sources */,
				8284BF0E2D7E3B7400036350 /* CoreDataTransactionsStore+TransactionsStore.swift in Sources */,
				8284BF782D8026FB00036350 /* CoreDataTransactionsStore+BalanceStore.swift in Sources */,
				8284BF0F2D7E3B7400036350 /* ManagedBitcoinRate.swift in Sources */,
				8284BF102D7E3B7400036350 /* ManagedTransaction.swift in Sources */,
				8284BF5B2D7FB22D00036350 /* AddTransactionPresenter.swift in Sources */,
				8284BF252D7E4D6E00036350 /* DepositPresenter.swift in Sources */,
				8284BF262D7E4D6E00036350 /* UIAlertController+UITextField.swift in Sources */,
				8284BF112D7E3B7400036350 /* Transactions.xcdatamodeld in Sources */,
				82E91CF72D7B9F7E00C37DBB /* NullStore.swift in Sources */,
				820CEBCE2D7B370A00D5C8A3 /* UIHorizontalStackView.swift in Sources */,
				822B33D42D7BA75400C0E17E /* BitcoinRateEndpoint.swift in Sources */,
				822B33D52D7BA75400C0E17E /* BitcoinRateMapper.swift in Sources */,
				820CEBDB2D7B50D800D5C8A3 /* UITableView+Cell.swift in Sources */,
				820CEBCF2D7B370A00D5C8A3 /* UIVerticalStackView.swift in Sources */,
				820CEBE92D7B5F5400D5C8A3 /* TransactionsPresenter.swift in Sources */,
				1CA3B6562D22B0F500176711 /* AppDelegate.swift in Sources */,
				8284BF142D7E3B9800036350 /* Transaction.swift in Sources */,
				8284BF762D8026C200036350 /* Balance.swift in Sources */,
				82E91CD82D7B70AF00C37DBB /* HTTPClient.swift in Sources */,
				82E91CD92D7B70AF00C37DBB /* URLSessionHTTPClient.swift in Sources */,
				820CEBE52D7B5F5400D5C8A3 /* TransactionsDiffableTableDataSource.swift in Sources */,
				820CEBE62D7B5F5400D5C8A3 /* TransactionsViewController.swift in Sources */,
				8284BF382D7F0CC700036350 /* Paginated.swift in Sources */,
				1CA3B6582D22B0F500176711 /* SceneDelegate.swift in Sources */,
				8284BF702D80226C00036350 /* TransactionSection.swift in Sources */,
				8284BF492D7F8FAC00036350 /* LoadMoreCell.swift in Sources */,
				8284BF4A2D7F8FAC00036350 /* LoadMoreCellController.swift in Sources */,
				8284BF4B2D7F8FAC00036350 /* TransactionCell.swift in Sources */,
				8284BF4C2D7F8FAC00036350 /* TransactionCellController.swift in Sources */,
				0DF1D1402D22DC51001626E7 /* ServicesAssembler.swift in Sources */,
			);
			runOnlyForDeploymentPostprocessing = 0;
		};
		1CA3B6672D22B0F600176711 /* Sources */ = {
			isa = PBXSourcesBuildPhase;
			buildActionMask = 2147483647;
			files = (
				1CA3B6702D22B0F600176711 /* AnalyticsServiceTests.swift in Sources */,
			);
			runOnlyForDeploymentPostprocessing = 0;
		};
		1CA3B6712D22B0F600176711 /* Sources */ = {
			isa = PBXSourcesBuildPhase;
			buildActionMask = 2147483647;
			files = (
			);
			runOnlyForDeploymentPostprocessing = 0;
		};
/* End PBXSourcesBuildPhase section */

/* Begin PBXTargetDependency section */
		1CA3B66D2D22B0F600176711 /* PBXTargetDependency */ = {
			isa = PBXTargetDependency;
			target = 1CA3B6512D22B0F500176711 /* TransactionsTestTask */;
			targetProxy = 1CA3B66C2D22B0F600176711 /* PBXContainerItemProxy */;
		};
		1CA3B6772D22B0F600176711 /* PBXTargetDependency */ = {
			isa = PBXTargetDependency;
			target = 1CA3B6512D22B0F500176711 /* TransactionsTestTask */;
			targetProxy = 1CA3B6762D22B0F600176711 /* PBXContainerItemProxy */;
		};
/* End PBXTargetDependency section */

/* Begin PBXVariantGroup section */
		82AFEC972D7B0C3C006CF875 /* LaunchScreen.storyboard */ = {
			isa = PBXVariantGroup;
			children = (
				82AFEC962D7B0C3C006CF875 /* Base */,
			);
			name = LaunchScreen.storyboard;
			sourceTree = "<group>";
		};
/* End PBXVariantGroup section */

/* Begin XCBuildConfiguration section */
		1CA3B67D2D22B0F600176711 /* Debug */ = {
			isa = XCBuildConfiguration;
			buildSettings = {
				ALWAYS_SEARCH_USER_PATHS = NO;
				ASSETCATALOG_COMPILER_GENERATE_SWIFT_ASSET_SYMBOL_EXTENSIONS = YES;
				CLANG_ANALYZER_NONNULL = YES;
				CLANG_ANALYZER_NUMBER_OBJECT_CONVERSION = YES_AGGRESSIVE;
				CLANG_CXX_LANGUAGE_STANDARD = "gnu++20";
				CLANG_ENABLE_MODULES = YES;
				CLANG_ENABLE_OBJC_ARC = YES;
				CLANG_ENABLE_OBJC_WEAK = YES;
				CLANG_WARN_BLOCK_CAPTURE_AUTORELEASING = YES;
				CLANG_WARN_BOOL_CONVERSION = YES;
				CLANG_WARN_COMMA = YES;
				CLANG_WARN_CONSTANT_CONVERSION = YES;
				CLANG_WARN_DEPRECATED_OBJC_IMPLEMENTATIONS = YES;
				CLANG_WARN_DIRECT_OBJC_ISA_USAGE = YES_ERROR;
				CLANG_WARN_DOCUMENTATION_COMMENTS = YES;
				CLANG_WARN_EMPTY_BODY = YES;
				CLANG_WARN_ENUM_CONVERSION = YES;
				CLANG_WARN_INFINITE_RECURSION = YES;
				CLANG_WARN_INT_CONVERSION = YES;
				CLANG_WARN_NON_LITERAL_NULL_CONVERSION = YES;
				CLANG_WARN_OBJC_IMPLICIT_RETAIN_SELF = YES;
				CLANG_WARN_OBJC_LITERAL_CONVERSION = YES;
				CLANG_WARN_OBJC_ROOT_CLASS = YES_ERROR;
				CLANG_WARN_QUOTED_INCLUDE_IN_FRAMEWORK_HEADER = YES;
				CLANG_WARN_RANGE_LOOP_ANALYSIS = YES;
				CLANG_WARN_STRICT_PROTOTYPES = YES;
				CLANG_WARN_SUSPICIOUS_MOVE = YES;
				CLANG_WARN_UNGUARDED_AVAILABILITY = YES_AGGRESSIVE;
				CLANG_WARN_UNREACHABLE_CODE = YES;
				CLANG_WARN__DUPLICATE_METHOD_MATCH = YES;
				COPY_PHASE_STRIP = NO;
				DEBUG_INFORMATION_FORMAT = dwarf;
				ENABLE_STRICT_OBJC_MSGSEND = YES;
				ENABLE_TESTABILITY = YES;
				ENABLE_USER_SCRIPT_SANDBOXING = YES;
				GCC_C_LANGUAGE_STANDARD = gnu17;
				GCC_DYNAMIC_NO_PIC = NO;
				GCC_NO_COMMON_BLOCKS = YES;
				GCC_OPTIMIZATION_LEVEL = 0;
				GCC_PREPROCESSOR_DEFINITIONS = (
					"DEBUG=1",
					"$(inherited)",
				);
				GCC_WARN_64_TO_32_BIT_CONVERSION = YES;
				GCC_WARN_ABOUT_RETURN_TYPE = YES_ERROR;
				GCC_WARN_UNDECLARED_SELECTOR = YES;
				GCC_WARN_UNINITIALIZED_AUTOS = YES_AGGRESSIVE;
				GCC_WARN_UNUSED_FUNCTION = YES;
				GCC_WARN_UNUSED_VARIABLE = YES;
				IPHONEOS_DEPLOYMENT_TARGET = 17.5;
				LOCALIZATION_PREFERS_STRING_CATALOGS = YES;
				MTL_ENABLE_DEBUG_INFO = INCLUDE_SOURCE;
				MTL_FAST_MATH = YES;
				ONLY_ACTIVE_ARCH = YES;
				SDKROOT = iphoneos;
				SWIFT_ACTIVE_COMPILATION_CONDITIONS = "DEBUG $(inherited)";
				SWIFT_OPTIMIZATION_LEVEL = "-Onone";
			};
			name = Debug;
		};
		1CA3B67E2D22B0F600176711 /* Release */ = {
			isa = XCBuildConfiguration;
			buildSettings = {
				ALWAYS_SEARCH_USER_PATHS = NO;
				ASSETCATALOG_COMPILER_GENERATE_SWIFT_ASSET_SYMBOL_EXTENSIONS = YES;
				CLANG_ANALYZER_NONNULL = YES;
				CLANG_ANALYZER_NUMBER_OBJECT_CONVERSION = YES_AGGRESSIVE;
				CLANG_CXX_LANGUAGE_STANDARD = "gnu++20";
				CLANG_ENABLE_MODULES = YES;
				CLANG_ENABLE_OBJC_ARC = YES;
				CLANG_ENABLE_OBJC_WEAK = YES;
				CLANG_WARN_BLOCK_CAPTURE_AUTORELEASING = YES;
				CLANG_WARN_BOOL_CONVERSION = YES;
				CLANG_WARN_COMMA = YES;
				CLANG_WARN_CONSTANT_CONVERSION = YES;
				CLANG_WARN_DEPRECATED_OBJC_IMPLEMENTATIONS = YES;
				CLANG_WARN_DIRECT_OBJC_ISA_USAGE = YES_ERROR;
				CLANG_WARN_DOCUMENTATION_COMMENTS = YES;
				CLANG_WARN_EMPTY_BODY = YES;
				CLANG_WARN_ENUM_CONVERSION = YES;
				CLANG_WARN_INFINITE_RECURSION = YES;
				CLANG_WARN_INT_CONVERSION = YES;
				CLANG_WARN_NON_LITERAL_NULL_CONVERSION = YES;
				CLANG_WARN_OBJC_IMPLICIT_RETAIN_SELF = YES;
				CLANG_WARN_OBJC_LITERAL_CONVERSION = YES;
				CLANG_WARN_OBJC_ROOT_CLASS = YES_ERROR;
				CLANG_WARN_QUOTED_INCLUDE_IN_FRAMEWORK_HEADER = YES;
				CLANG_WARN_RANGE_LOOP_ANALYSIS = YES;
				CLANG_WARN_STRICT_PROTOTYPES = YES;
				CLANG_WARN_SUSPICIOUS_MOVE = YES;
				CLANG_WARN_UNGUARDED_AVAILABILITY = YES_AGGRESSIVE;
				CLANG_WARN_UNREACHABLE_CODE = YES;
				CLANG_WARN__DUPLICATE_METHOD_MATCH = YES;
				COPY_PHASE_STRIP = NO;
				DEBUG_INFORMATION_FORMAT = "dwarf-with-dsym";
				ENABLE_NS_ASSERTIONS = NO;
				ENABLE_STRICT_OBJC_MSGSEND = YES;
				ENABLE_USER_SCRIPT_SANDBOXING = YES;
				GCC_C_LANGUAGE_STANDARD = gnu17;
				GCC_NO_COMMON_BLOCKS = YES;
				GCC_WARN_64_TO_32_BIT_CONVERSION = YES;
				GCC_WARN_ABOUT_RETURN_TYPE = YES_ERROR;
				GCC_WARN_UNDECLARED_SELECTOR = YES;
				GCC_WARN_UNINITIALIZED_AUTOS = YES_AGGRESSIVE;
				GCC_WARN_UNUSED_FUNCTION = YES;
				GCC_WARN_UNUSED_VARIABLE = YES;
				IPHONEOS_DEPLOYMENT_TARGET = 17.5;
				LOCALIZATION_PREFERS_STRING_CATALOGS = YES;
				MTL_ENABLE_DEBUG_INFO = NO;
				MTL_FAST_MATH = YES;
				SDKROOT = iphoneos;
				SWIFT_COMPILATION_MODE = wholemodule;
				VALIDATE_PRODUCT = YES;
			};
			name = Release;
		};
		1CA3B6802D22B0F600176711 /* Debug */ = {
			isa = XCBuildConfiguration;
			buildSettings = {
				ASSETCATALOG_COMPILER_APPICON_NAME = AppIcon;
				ASSETCATALOG_COMPILER_GLOBAL_ACCENT_COLOR_NAME = AccentColor;
				CODE_SIGN_STYLE = Automatic;
				CURRENT_PROJECT_VERSION = 1;
				GENERATE_INFOPLIST_FILE = YES;
				INFOPLIST_FILE = TransactionsTestTask/SupportingFiles/Info.plist;
				INFOPLIST_KEY_UIApplicationSupportsIndirectInputEvents = YES;
				INFOPLIST_KEY_UILaunchStoryboardName = LaunchScreen;
				INFOPLIST_KEY_UISupportedInterfaceOrientations_iPad = "UIInterfaceOrientationPortrait UIInterfaceOrientationPortraitUpsideDown UIInterfaceOrientationLandscapeLeft UIInterfaceOrientationLandscapeRight";
				INFOPLIST_KEY_UISupportedInterfaceOrientations_iPhone = "UIInterfaceOrientationPortrait UIInterfaceOrientationLandscapeLeft UIInterfaceOrientationLandscapeRight";
				IPHONEOS_DEPLOYMENT_TARGET = 17.0;
				LD_RUNPATH_SEARCH_PATHS = (
					"$(inherited)",
					"@executable_path/Frameworks",
				);
				MARKETING_VERSION = 1.0;
				PRODUCT_BUNDLE_IDENTIFIER = com.obrio.TransactionsTestTask;
				PRODUCT_NAME = "$(TARGET_NAME)";
				SWIFT_EMIT_LOC_STRINGS = YES;
				SWIFT_VERSION = 5.0;
				TARGETED_DEVICE_FAMILY = "1,2";
			};
			name = Debug;
		};
		1CA3B6812D22B0F600176711 /* Release */ = {
			isa = XCBuildConfiguration;
			buildSettings = {
				ASSETCATALOG_COMPILER_APPICON_NAME = AppIcon;
				ASSETCATALOG_COMPILER_GLOBAL_ACCENT_COLOR_NAME = AccentColor;
				CODE_SIGN_STYLE = Automatic;
				CURRENT_PROJECT_VERSION = 1;
				GENERATE_INFOPLIST_FILE = YES;
				INFOPLIST_FILE = TransactionsTestTask/SupportingFiles/Info.plist;
				INFOPLIST_KEY_UIApplicationSupportsIndirectInputEvents = YES;
				INFOPLIST_KEY_UILaunchStoryboardName = LaunchScreen;
				INFOPLIST_KEY_UISupportedInterfaceOrientations_iPad = "UIInterfaceOrientationPortrait UIInterfaceOrientationPortraitUpsideDown UIInterfaceOrientationLandscapeLeft UIInterfaceOrientationLandscapeRight";
				INFOPLIST_KEY_UISupportedInterfaceOrientations_iPhone = "UIInterfaceOrientationPortrait UIInterfaceOrientationLandscapeLeft UIInterfaceOrientationLandscapeRight";
				IPHONEOS_DEPLOYMENT_TARGET = 17.0;
				LD_RUNPATH_SEARCH_PATHS = (
					"$(inherited)",
					"@executable_path/Frameworks",
				);
				MARKETING_VERSION = 1.0;
				PRODUCT_BUNDLE_IDENTIFIER = com.obrio.TransactionsTestTask;
				PRODUCT_NAME = "$(TARGET_NAME)";
				SWIFT_EMIT_LOC_STRINGS = YES;
				SWIFT_VERSION = 5.0;
				TARGETED_DEVICE_FAMILY = "1,2";
			};
			name = Release;
		};
		1CA3B6832D22B0F600176711 /* Debug */ = {
			isa = XCBuildConfiguration;
			buildSettings = {
				BUNDLE_LOADER = "$(TEST_HOST)";
				CODE_SIGN_STYLE = Automatic;
				CURRENT_PROJECT_VERSION = 1;
				GENERATE_INFOPLIST_FILE = YES;
				IPHONEOS_DEPLOYMENT_TARGET = 17.5;
				MARKETING_VERSION = 1.0;
				PRODUCT_BUNDLE_IDENTIFIER = com.obrio.TransactionsTestTaskTests;
				PRODUCT_NAME = "$(TARGET_NAME)";
				SWIFT_EMIT_LOC_STRINGS = NO;
				SWIFT_VERSION = 5.0;
				TARGETED_DEVICE_FAMILY = "1,2";
				TEST_HOST = "$(BUILT_PRODUCTS_DIR)/TransactionsTestTask.app/$(BUNDLE_EXECUTABLE_FOLDER_PATH)/TransactionsTestTask";
			};
			name = Debug;
		};
		1CA3B6842D22B0F600176711 /* Release */ = {
			isa = XCBuildConfiguration;
			buildSettings = {
				BUNDLE_LOADER = "$(TEST_HOST)";
				CODE_SIGN_STYLE = Automatic;
				CURRENT_PROJECT_VERSION = 1;
				GENERATE_INFOPLIST_FILE = YES;
				IPHONEOS_DEPLOYMENT_TARGET = 17.5;
				MARKETING_VERSION = 1.0;
				PRODUCT_BUNDLE_IDENTIFIER = com.obrio.TransactionsTestTaskTests;
				PRODUCT_NAME = "$(TARGET_NAME)";
				SWIFT_EMIT_LOC_STRINGS = NO;
				SWIFT_VERSION = 5.0;
				TARGETED_DEVICE_FAMILY = "1,2";
				TEST_HOST = "$(BUILT_PRODUCTS_DIR)/TransactionsTestTask.app/$(BUNDLE_EXECUTABLE_FOLDER_PATH)/TransactionsTestTask";
			};
			name = Release;
		};
		1CA3B6862D22B0F600176711 /* Debug */ = {
			isa = XCBuildConfiguration;
			buildSettings = {
				CODE_SIGN_STYLE = Automatic;
				CURRENT_PROJECT_VERSION = 1;
				GENERATE_INFOPLIST_FILE = YES;
				MARKETING_VERSION = 1.0;
				PRODUCT_BUNDLE_IDENTIFIER = com.obrio.TransactionsTestTaskUITests;
				PRODUCT_NAME = "$(TARGET_NAME)";
				SWIFT_EMIT_LOC_STRINGS = NO;
				SWIFT_VERSION = 5.0;
				TARGETED_DEVICE_FAMILY = "1,2";
				TEST_TARGET_NAME = TransactionsTestTask;
			};
			name = Debug;
		};
		1CA3B6872D22B0F600176711 /* Release */ = {
			isa = XCBuildConfiguration;
			buildSettings = {
				CODE_SIGN_STYLE = Automatic;
				CURRENT_PROJECT_VERSION = 1;
				GENERATE_INFOPLIST_FILE = YES;
				MARKETING_VERSION = 1.0;
				PRODUCT_BUNDLE_IDENTIFIER = com.obrio.TransactionsTestTaskUITests;
				PRODUCT_NAME = "$(TARGET_NAME)";
				SWIFT_EMIT_LOC_STRINGS = NO;
				SWIFT_VERSION = 5.0;
				TARGETED_DEVICE_FAMILY = "1,2";
				TEST_TARGET_NAME = TransactionsTestTask;
			};
			name = Release;
		};
/* End XCBuildConfiguration section */

/* Begin XCConfigurationList section */
		1CA3B64D2D22B0F500176711 /* Build configuration list for PBXProject "TransactionsTestTask" */ = {
			isa = XCConfigurationList;
			buildConfigurations = (
				1CA3B67D2D22B0F600176711 /* Debug */,
				1CA3B67E2D22B0F600176711 /* Release */,
			);
			defaultConfigurationIsVisible = 0;
			defaultConfigurationName = Release;
		};
		1CA3B67F2D22B0F600176711 /* Build configuration list for PBXNativeTarget "TransactionsTestTask" */ = {
			isa = XCConfigurationList;
			buildConfigurations = (
				1CA3B6802D22B0F600176711 /* Debug */,
				1CA3B6812D22B0F600176711 /* Release */,
			);
			defaultConfigurationIsVisible = 0;
			defaultConfigurationName = Release;
		};
		1CA3B6822D22B0F600176711 /* Build configuration list for PBXNativeTarget "TransactionsTestTaskTests" */ = {
			isa = XCConfigurationList;
			buildConfigurations = (
				1CA3B6832D22B0F600176711 /* Debug */,
				1CA3B6842D22B0F600176711 /* Release */,
			);
			defaultConfigurationIsVisible = 0;
			defaultConfigurationName = Release;
		};
		1CA3B6852D22B0F600176711 /* Build configuration list for PBXNativeTarget "TransactionsTestTaskUITests" */ = {
			isa = XCConfigurationList;
			buildConfigurations = (
				1CA3B6862D22B0F600176711 /* Debug */,
				1CA3B6872D22B0F600176711 /* Release */,
			);
			defaultConfigurationIsVisible = 0;
			defaultConfigurationName = Release;
		};
/* End XCConfigurationList section */

/* Begin XCVersionGroup section */
		8284BF032D7E3B7400036350 /* Transactions.xcdatamodeld */ = {
			isa = XCVersionGroup;
			children = (
				8284BF062D7E3B7400036350 /* Transactions.xcdatamodel */,
			);
			currentVersion = 8284BF062D7E3B7400036350 /* Transactions.xcdatamodel */;
			path = Transactions.xcdatamodeld;
			sourceTree = "<group>";
			versionGroupType = wrapper.xcdatamodel;
		};
/* End XCVersionGroup section */
	};
	rootObject = 1CA3B64A2D22B0F500176711 /* Project object */;
}
